<?xml version="1.0" encoding="utf-8"?>
<Project ToolsVersion="4.0" xmlns="http://schemas.microsoft.com/developer/msbuild/2003">
  <ItemGroup>
    <Filter Include="Quelldateien">
      <UniqueIdentifier>{4FC737F1-C7A5-4376-A066-2A32D752A2FF}</UniqueIdentifier>
      <Extensions>cpp;c;cc;cxx;c++;cppm;ixx;def;odl;idl;hpj;bat;asm;asmx</Extensions>
    </Filter>
    <Filter Include="Headerdateien">
      <UniqueIdentifier>{93995380-89BD-4b04-88EB-625FBE52EBFB}</UniqueIdentifier>
      <Extensions>h;hh;hpp;hxx;h++;hm;inl;inc;ipp;xsd</Extensions>
    </Filter>
    <Filter Include="Ressourcendateien">
      <UniqueIdentifier>{67DA6AB6-F800-4c08-8B7A-83BB121AAD01}</UniqueIdentifier>
      <Extensions>rc;ico;cur;bmp;dlg;rc2;rct;bin;rgs;gif;jpg;jpeg;jpe;resx;tiff;tif;png;wav;mfcribbon-ms</Extensions>
    </Filter>
    <Filter Include="Headerdateien\graphic hooks">
      <UniqueIdentifier>{51459a7e-5f6e-4805-9d22-351855776159}</UniqueIdentifier>
    </Filter>
    <Filter Include="Headerdateien\input hooks">
      <UniqueIdentifier>{c7701882-a7ac-432f-9f6c-d5343819f528}</UniqueIdentifier>
    </Filter>
    <Filter Include="Headerdateien\libraries">
      <UniqueIdentifier>{dd5504de-535b-40ed-94e1-66e380e5f4db}</UniqueIdentifier>
    </Filter>
    <Filter Include="Headerdateien\technical">
      <UniqueIdentifier>{4119d41f-15a8-487f-875d-c3666216de26}</UniqueIdentifier>
    </Filter>
    <Filter Include="Headerdateien\debug mods">
      <UniqueIdentifier>{73f316e9-d918-46bb-9595-fda82c40cf9d}</UniqueIdentifier>
    </Filter>
    <Filter Include="Headerdateien\components">
      <UniqueIdentifier>{7a77867c-8069-42c0-9311-ab5b78028343}</UniqueIdentifier>
    </Filter>
    <Filter Include="Headerdateien\memory">
      <UniqueIdentifier>{bf2f0e86-4813-49e6-b799-b3ea4ab0fd1d}</UniqueIdentifier>
    </Filter>
    <Filter Include="Headerdateien\utility">
      <UniqueIdentifier>{f22ebde4-ae1a-41e4-877f-77d20572c59d}</UniqueIdentifier>
    </Filter>
  </ItemGroup>
  <ItemGroup>
    <ClInclude Include="pch.h">
      <Filter>Headerdateien</Filter>
    </ClInclude>
    <ClInclude Include="header\graphic hooks\D3D9-Hook.h">
      <Filter>Headerdateien\graphic hooks</Filter>
    </ClInclude>
    <ClInclude Include="header\graphic hooks\D3D10-Hook.h">
      <Filter>Headerdateien\graphic hooks</Filter>
    </ClInclude>
    <ClInclude Include="header\graphic hooks\D3D11-Hook.h">
      <Filter>Headerdateien\graphic hooks</Filter>
    </ClInclude>
    <ClInclude Include="header\graphic hooks\D3D12-Hook.h">
      <Filter>Headerdateien\graphic hooks</Filter>
    </ClInclude>
    <ClInclude Include="header\graphic hooks\Direct3DBase.h">
      <Filter>Headerdateien\graphic hooks</Filter>
    </ClInclude>
    <ClInclude Include="header\graphic hooks\DXGI.h">
      <Filter>Headerdateien\graphic hooks</Filter>
    </ClInclude>
    <ClInclude Include="header\input hooks\DirectInput8-Hook.h">
      <Filter>Headerdateien\input hooks</Filter>
    </ClInclude>
    <ClInclude Include="header\input hooks\RawInput-Hook.h">
      <Filter>Headerdateien\input hooks</Filter>
    </ClInclude>
    <ClInclude Include="header\input hooks\XInput1_4-Hook.h">
      <Filter>Headerdateien\input hooks</Filter>
    </ClInclude>
    <ClInclude Include="header\technical\Exceptions.hpp">
      <Filter>Headerdateien\technical</Filter>
    </ClInclude>
    <ClInclude Include="header\components\DebugMenu.h">
      <Filter>Headerdateien\components</Filter>
    </ClInclude>
    <ClInclude Include="Window.h">
      <Filter>Headerdateien\technical</Filter>
    </ClInclude>
    <ClInclude Include="DrawingEssentials.h">
      <Filter>Headerdateien\libraries</Filter>
    </ClInclude>
    <ClInclude Include="InputHookGlobals.h">
      <Filter>Headerdateien\input hooks</Filter>
    </ClInclude>
    <ClInclude Include="TAS.h">
      <Filter>Headerdateien\components</Filter>
    </ClInclude>
    <ClInclude Include="SendInput-Hook.h">
      <Filter>Headerdateien\input hooks</Filter>
    </ClInclude>
    <ClInclude Include="TASInputGlobals.h">
      <Filter>Headerdateien\input hooks</Filter>
    </ClInclude>
    <ClInclude Include="DebugFunctions.h">
      <Filter>Headerdateien\debug mods</Filter>
    </ClInclude>
    <ClInclude Include="DebugAddresses.h">
      <Filter>Headerdateien\debug mods</Filter>
    </ClInclude>
    <ClInclude Include="DebugModGlobals.h">
      <Filter>Headerdateien\debug mods</Filter>
    </ClInclude>
    <ClInclude Include="Winactive.h">
      <Filter>Headerdateien\components</Filter>
    </ClInclude>
    <ClInclude Include="Variable.h">
      <Filter>Headerdateien\libraries</Filter>
    </ClInclude>
    <ClInclude Include="SavefileEditor.h">
      <Filter>Headerdateien\debug mods</Filter>
    </ClInclude>
    <ClInclude Include="Overclocker.h">
      <Filter>Headerdateien\components</Filter>
    </ClInclude>
    <ClInclude Include="GraphicsHookGlobals.h">
      <Filter>Headerdateien\graphic hooks</Filter>
    </ClInclude>
    <ClInclude Include="D3D9-Extra-Hooks.h">
      <Filter>Headerdateien\graphic hooks</Filter>
    </ClInclude>
    <ClInclude Include="xNyuHook.h">
      <Filter>Headerdateien\libraries</Filter>
    </ClInclude>
    <ClInclude Include="Threadhooker.h">
      <Filter>Headerdateien\components</Filter>
    </ClInclude>
    <ClInclude Include="DebugSupervisionSettings.h">
      <Filter>Headerdateien\debug mods</Filter>
    </ClInclude>
    <ClInclude Include="DebugSettings.h">
      <Filter>Headerdateien\debug mods</Filter>
    </ClInclude>
    <ClInclude Include="DebugEditorSettings.h">
      <Filter>Headerdateien\debug mods</Filter>
    </ClInclude>
    <ClInclude Include="BasePointer.h">
      <Filter>Headerdateien\memory</Filter>
    </ClInclude>
    <ClInclude Include="ReadMemory.h">
      <Filter>Headerdateien\memory</Filter>
    </ClInclude>
    <ClInclude Include="SigScan.h">
      <Filter>Headerdateien\memory</Filter>
    </ClInclude>
    <ClInclude Include="WriteMemory.h">
      <Filter>Headerdateien\memory</Filter>
    </ClInclude>
    <ClInclude Include="MemoryRegions.h">
      <Filter>Headerdateien\memory</Filter>
    </ClInclude>
    <ClInclude Include="NtUser.h">
      <Filter>Headerdateien\components</Filter>
    </ClInclude>
    <ClInclude Include="InputLayout.h">
      <Filter>Headerdateien\input hooks</Filter>
    </ClInclude>
    <ClInclude Include="Conversions.h">
      <Filter>Headerdateien\utility</Filter>
    </ClInclude>
    <ClInclude Include="Technical.h">
      <Filter>Headerdateien\utility</Filter>
    </ClInclude>
    <ClInclude Include="Logging.h">
      <Filter>Headerdateien\utility</Filter>
    </ClInclude>
    <ClInclude Include="GlobalSettings.h">
      <Filter>Headerdateien\utility</Filter>
    </ClInclude>
    <ClInclude Include="dllmain.h">
      <Filter>Quelldateien</Filter>
    </ClInclude>
  </ItemGroup>
  <ItemGroup>
    <ClCompile Include="dllmain.cpp">
      <Filter>Quelldateien</Filter>
    </ClCompile>
    <ClCompile Include="pch.cpp">
      <Filter>Quelldateien</Filter>
    </ClCompile>
    <ClCompile Include="Overclocker.cpp">
      <Filter>Headerdateien\components</Filter>
    </ClCompile>
    <ClCompile Include="InputLayout.cpp">
      <Filter>Headerdateien\input hooks</Filter>
    </ClCompile>
    <ClCompile Include="Conversions.cpp">
      <Filter>Headerdateien\utility</Filter>
    </ClCompile>
    <ClCompile Include="Technical.cpp">
      <Filter>Headerdateien\utility</Filter>
    </ClCompile>
    <ClCompile Include="Logging.cpp">
      <Filter>Headerdateien\utility</Filter>
    </ClCompile>
    <ClCompile Include="GlobalSettings.cpp">
      <Filter>Headerdateien\utility</Filter>
    </ClCompile>
    <ClCompile Include="Variable.cpp">
      <Filter>Headerdateien\libraries</Filter>
    </ClCompile>
    <ClCompile Include="NtUser.cpp">
      <Filter>Headerdateien\components</Filter>
    </ClCompile>
    <ClCompile Include="DebugMenu.cpp">
      <Filter>Headerdateien\components</Filter>
    </ClCompile>
    <ClCompile Include="TAS.cpp">
      <Filter>Headerdateien\components</Filter>
    </ClCompile>
    <ClCompile Include="Threadhooker.cpp">
      <Filter>Headerdateien\components</Filter>
    </ClCompile>
    <ClCompile Include="Winactive.cpp">
      <Filter>Headerdateien\components</Filter>
    </ClCompile>
    <ClCompile Include="DebugAddresses.cpp">
      <Filter>Headerdateien\debug mods</Filter>
    </ClCompile>
    <ClCompile Include="DebugEditorSettings.cpp">
      <Filter>Headerdateien\debug mods</Filter>
    </ClCompile>
    <ClCompile Include="DebugFunctions.cpp">
      <Filter>Headerdateien\debug mods</Filter>
    </ClCompile>
    <ClCompile Include="DebugModGlobals.cpp">
      <Filter>Headerdateien\debug mods</Filter>
    </ClCompile>
    <ClCompile Include="DebugSettings.cpp">
      <Filter>Headerdateien\debug mods</Filter>
    </ClCompile>
    <ClCompile Include="DebugSupervisionSettings.cpp">
      <Filter>Headerdateien\debug mods</Filter>
    </ClCompile>
    <ClCompile Include="SavefileEditor.cpp">
      <Filter>Headerdateien\debug mods</Filter>
    </ClCompile>
    <ClCompile Include="D3D9-Extra-Hooks.cpp">
      <Filter>Headerdateien\graphic hooks</Filter>
    </ClCompile>
    <ClCompile Include="D3D9-Hook.cpp">
      <Filter>Headerdateien\graphic hooks</Filter>
    </ClCompile>
    <ClCompile Include="D3D10-Hook.cpp">
      <Filter>Headerdateien\graphic hooks</Filter>
    </ClCompile>
    <ClCompile Include="D3D11-Hook.cpp">
      <Filter>Headerdateien\graphic hooks</Filter>
    </ClCompile>
    <ClCompile Include="D3D12-Hook.cpp">
      <Filter>Headerdateien\graphic hooks</Filter>
    </ClCompile>
    <ClCompile Include="Direct3DBase.cpp">
      <Filter>Headerdateien\graphic hooks</Filter>
    </ClCompile>
    <ClCompile Include="DXGI.cpp">
      <Filter>Headerdateien\graphic hooks</Filter>
    </ClCompile>
    <ClCompile Include="GraphicsHookGlobals.cpp">
      <Filter>Headerdateien\graphic hooks</Filter>
    </ClCompile>
    <ClCompile Include="DirectInput8-Hook.cpp">
      <Filter>Headerdateien\input hooks</Filter>
    </ClCompile>
    <ClCompile Include="InputHookGlobals.cpp">
      <Filter>Headerdateien\input hooks</Filter>
    </ClCompile>
    <ClCompile Include="RawInput-Hook.cpp">
      <Filter>Headerdateien\input hooks</Filter>
    </ClCompile>
    <ClCompile Include="SendInput-Hook.cpp">
      <Filter>Headerdateien\input hooks</Filter>
    </ClCompile>
    <ClCompile Include="TASInputGlobals.cpp">
      <Filter>Headerdateien\input hooks</Filter>
    </ClCompile>
    <ClCompile Include="XInput1_4-Hook.cpp">
      <Filter>Headerdateien\input hooks</Filter>
    </ClCompile>
    <ClCompile Include="DrawingEssentials.cpp">
      <Filter>Headerdateien\libraries</Filter>
    </ClCompile>
    <ClCompile Include="xNyuHook.cpp">
      <Filter>Headerdateien\libraries</Filter>
    </ClCompile>
    <ClCompile Include="BasePointer.cpp">
      <Filter>Headerdateien\memory</Filter>
    </ClCompile>
    <ClCompile Include="ReadMemory.cpp">
      <Filter>Headerdateien\memory</Filter>
    </ClCompile>
    <ClCompile Include="MemoryRegions.cpp">
      <Filter>Headerdateien\memory</Filter>
    </ClCompile>
    <ClCompile Include="SigScan.cpp">
      <Filter>Headerdateien\memory</Filter>
    </ClCompile>
    <ClCompile Include="WriteMemory.cpp">
      <Filter>Headerdateien\memory</Filter>
    </ClCompile>
    <ClCompile Include="Exceptions.cpp">
      <Filter>Headerdateien\technical</Filter>
    </ClCompile>
    <ClCompile Include="Window.cpp">
      <Filter>Headerdateien\technical</Filter>
    </ClCompile>
  </ItemGroup>
</Project>